PODS:
  - Bolts/Tasks (1.9.1)
  - FSCalendar (2.8.4)
  - IGListDiffKit (5.0.0)
  - im-uikit-tob (1.23.1):
    - Masonry
    - MJRefresh
    - SDWebImage
  - imsdk-tob/Config/CN (1.23.1):
    - RangersAPM/CN
    - RangersAppLog/Host/CN
  - imsdk-tob/Core (1.23.1):
    - imsdk-tob/Core_Common
    - TTSDK/Uploader (<= 1.46.2.9-premium, >= 1.43.1.9-premium)
  - imsdk-tob/Core_Common (1.23.1):
    - Bolts/Tasks
    - IGListDiffKit
    - imsdk-tob/Feature_EssentialPB
    - libextobjc
    - Mantle
    - MMKV
    - OneKit/BaseKit
    - OneKit/ByteDanceKit
    - OneKit/ByteDanceKit/Foundation
    - OneKit/OKModel
    - OneKit/Reachability
    - Protobuf
    - RangersAPM/APMLog
    - RangersAPM/Crash
    - RangersAPM/WatchDog
    - RangersAppLog/Core
    - RSSwizzle
    - TTNetworkManager (~> 4.1)
    - WCDB (~> 1.0.6)
    - YYCache
  - imsdk-tob/Feature_EssentialPB (1.23.1):
    - Protobuf (= 3.21.9)
  - libextobjc (0.6):
    - libextobjc/EXTADT (= 0.6)
    - libextobjc/EXTConcreteProtocol (= 0.6)
    - libextobjc/EXTKeyPathCoding (= 0.6)
    - libextobjc/EXTNil (= 0.6)
    - libextobjc/EXTSafeCategory (= 0.6)
    - libextobjc/EXTScope (= 0.6)
    - libextobjc/EXTSelectorChecking (= 0.6)
    - libextobjc/EXTSynthesize (= 0.6)
    - "libextobjc/NSInvocation+EXT (= 0.6)"
    - "libextobjc/NSMethodSignature+EXT (= 0.6)"
    - libextobjc/RuntimeExtensions (= 0.6)
    - libextobjc/UmbrellaHeader (= 0.6)
  - libextobjc/EXTADT (0.6):
    - libextobjc/RuntimeExtensions
  - libextobjc/EXTConcreteProtocol (0.6):
    - libextobjc/RuntimeExtensions
  - libextobjc/EXTKeyPathCoding (0.6):
    - libextobjc/RuntimeExtensions
  - libextobjc/EXTNil (0.6):
    - libextobjc/RuntimeExtensions
  - libextobjc/EXTSafeCategory (0.6):
    - libextobjc/RuntimeExtensions
  - libextobjc/EXTScope (0.6):
    - libextobjc/RuntimeExtensions
  - libextobjc/EXTSelectorChecking (0.6):
    - libextobjc/RuntimeExtensions
  - libextobjc/EXTSynthesize (0.6):
    - libextobjc/RuntimeExtensions
  - "libextobjc/NSInvocation+EXT (0.6)":
    - libextobjc/RuntimeExtensions
  - "libextobjc/NSMethodSignature+EXT (0.6)":
    - libextobjc/RuntimeExtensions
  - libextobjc/RuntimeExtensions (0.6)
  - libextobjc/UmbrellaHeader (0.6)
  - Mantle (2.2.0):
    - Mantle/extobjc (= 2.2.0)
  - Mantle/extobjc (2.2.0)
  - Masonry (1.1.0)
  - MBProgressHUD (1.2.0)
  - MJRefresh (3.7.6)
  - MMKV (1.3.4):
    - MMKVCore (~> 1.3.4)
  - MMKVCore (1.3.4)
  - OneKit (1.4.2):
    - OneKit/BaseKit (= 1.4.2)
    - OneKit/Core (= 1.4.2)
    - OneKit/MARS/Auth (= 1.4.2)
    - OneKit/Service (= 1.4.2)
  - OneKit/BaseKit (1.4.2):
    - OneKit/Service
  - OneKit/boringssl (1.4.2):
    - OneKit/Service
  - OneKit/ByteDanceKit (1.4.2):
    - OneKit/ByteDanceKit/Foundation (= 1.4.2)
    - OneKit/ByteDanceKit/UIKit (= 1.4.2)
    - OneKit/Service
  - OneKit/ByteDanceKit/Foundation (1.4.2):
    - OneKit/Service
  - OneKit/ByteDanceKit/UIKit (1.4.2):
    - OneKit/ByteDanceKit/Foundation
    - OneKit/Service
  - OneKit/Core (1.4.2):
    - OneKit/BaseKit
    - OneKit/MARS
    - OneKit/Network
    - OneKit/Registar
  - OneKit/MARS (1.4.2):
    - OneKit/MARS/Auth (= 1.4.2)
  - OneKit/MARS/Auth (1.4.2):
    - OneKit/BaseKit
    - OneKit/StartUp
  - OneKit/Network (1.4.2):
    - OneKit/MARS/Auth
    - OneKit/OKModel
    - OneKit/Service
  - OneKit/OKModel (1.4.2):
    - OneKit/Service
  - OneKit/Reachability (1.4.2):
    - OneKit/Service
  - OneKit/Registar (1.4.2):
    - OneKit/boringssl
  - OneKit/Section (1.4.2)
  - OneKit/Service (1.4.2)
  - OneKit/StartUp (1.4.2):
    - OneKit/Reachability
    - OneKit/Section
    - OneKit/Service
  - Protobuf (3.21.9)
  - RangersAPM/Above (5.2.0)
  - RangersAPM/APMLog (5.2.0):
    - RangersAPM/CloudCommand
    - RangersAPM/Core
    - RangersAPM/HMD
    - RangersAPM/Zip
  - RangersAPM/CloudCommand (5.2.0):
    - RangersAPM/Core
    - RangersAPM/HMD
  - RangersAPM/CN (5.2.0):
    - RangersAPM/Core
    - RangersAPM/Public
  - RangersAPM/Core (5.2.0):
    - RangersAPM/HMDLite
  - RangersAPM/Crash (5.2.0):
    - RangersAPM/Core
    - RangersAPM/HMD
    - RangersAPM/Public
    - RangersAPM/SessionTracker
    - RangersAPM/Zip
  - RangersAPM/HMD (5.2.0):
    - RangersAPM/Core
    - RangersAPM/Public
  - RangersAPM/HMDLite (5.2.0)
  - RangersAPM/Public (5.2.0):
    - RangersAPM/Above
    - RangersAPM/Core
    - RangersAPM/HMDLite
    - RangersAPM/Zyone
  - RangersAPM/SessionTracker (5.2.0):
    - RangersAPM/Core
    - RangersAPM/HMD
    - RangersAPM/Public
  - RangersAPM/WatchDog (5.2.0):
    - RangersAPM/Core
    - RangersAPM/HMD
    - RangersAPM/Public
    - RangersAPM/SessionTracker
  - RangersAPM/Zip (5.2.0)
  - RangersAPM/Zyone (5.2.0)
  - RangersAppLog/Core (6.16.9):
    - RangersAppLog/Encryptor/VOLC
  - RangersAppLog/Encryptor/VOLC (6.16.9)
  - RangersAppLog/Host/CN (6.16.9):
    - RangersAppLog/Core
  - RSSwizzle (0.1.0)
  - SDWebImage (5.21.0):
    - SDWebImage/Core (= 5.21.0)
  - SDWebImage/Core (5.21.0)
  - SQLiteRepairKit (1.2.2):
    - WCDBOptimizedSQLCipher (~> 1.2.0)
  - SSZipArchive (2.4.3)
  - TTNetworkManager (4.2.210.20)
  - TTSDK/Core (1.46.2.9-premium):
    - RangersAppLog/Core (~> 6.16.8)
    - RangersAppLog/Host/CN (~> 6.16.8)
  - TTSDK/HttpDNS (1.46.2.9-premium)
  - TTSDK/Model (1.46.2.9-premium)
  - TTSDK/SSL (1.46.2.9-premium)
  - TTSDK/Tools (1.46.2.9-premium):
    - TTSDK/SSL
  - TTSDK/TopSignature (1.46.2.9-premium)
  - TTSDK/Uploader (1.46.2.9-premium):
    - SSZipArchive (~> 2.2)
    - TTSDK/Core
    - TTSDK/HttpDNS
    - TTSDK/Model
    - TTSDK/Tools
    - TTSDK/TopSignature
    - TTSDK/VCN
  - TTSDK/VCN (1.46.2.9-premium)
  - WCDB (1.0.7.5):
    - SQLiteRepairKit (~> 1.2.0)
    - WCDBOptimizedSQLCipher (~> 1.2.0)
  - WCDBOptimizedSQLCipher (1.2.1)
  - YYCache (1.0.4)

DEPENDENCIES:
  - FSCalendar
  - im-uikit-tob (from `../`)
  - imsdk-tob/Config/CN (= 1.23.1)
  - imsdk-tob/Core (= 1.23.1)
  - Masonry
  - MBProgressHUD
  - MJRefresh
  - OneKit
  - SDWebImage

SPEC REPOS:
  https://github.com/CocoaPods/Specs.git:
    - Bolts
    - FSCalendar
    - IGListDiffKit
    - libextobjc
    - Mantle
    - Masonry
    - MBProgressHUD
    - MJRefresh
    - MMKV
    - MMKVCore
    - Protobuf
    - RSSwizzle
    - SDWebImage
    - SQLiteRepairKit
    - SSZipArchive
    - WCDB
    - WCDBOptimizedSQLCipher
    - YYCache
  https://github.com/volcengine/volcengine-specs.git:
    - imsdk-tob
    - OneKit
    - RangersAPM
    - RangersAppLog
    - TTNetworkManager
    - TTSDK

EXTERNAL SOURCES:
  im-uikit-tob:
    :path: "../"

SPEC CHECKSUMS:
  Bolts: 8c1e8aab2f603387b8b9924f57d1d64f43d3ffdc
  FSCalendar: 2d1d0d9398f12d439f55c1fe0f01525b151b8260
  IGListDiffKit: 02d937d7e714d6f558771f284ed80668d483b522
  im-uikit-tob: 2ad9c78ab0a6dd4c1e511477ea7d6f0a072a1f65
  imsdk-tob: 76abbaa16a2e071bd399dd6fffd2a9dd950e1acd
  libextobjc: aed8b7d2b07f511c1a7ecaacb33ea03e327c69b7
  Mantle: c5aa8794a29a022dfbbfc9799af95f477a69b62d
  Masonry: 678fab65091a9290e40e2832a55e7ab731aad201
  MBProgressHUD: 3ee5efcc380f6a79a7cc9b363dd669c5e1ae7406
  MJRefresh: 2fe7fb43a5167ceda20bb7e63f130c04fd1814a5
  MMKV: ed58ad794b3f88c24d604a5b74f3fba17fcbaf74
  MMKVCore: a67a1cede26175c413176f404a7cedec43f96a0b
  OneKit: 05d59eb122e247640c35ceb28b300ae27e89cb88
  Protobuf: 02524ec14183fe08fb259741659e79683788158b
  RangersAPM: 695cf4c4b5fe70b93f7565b482e927da2cea0ff3
  RangersAppLog: d4fa640a806e5fef583b07bea2f610684e81161e
  RSSwizzle: d561958f595028bfcef98c7d55c318b3878a61c6
  SDWebImage: f84b0feeb08d2d11e6a9b843cb06d75ebf5b8868
  SQLiteRepairKit: 35aaae5a8838adb85f5b1eb4d796055be6060a4b
  SSZipArchive: fe6a26b2a54d5a0890f2567b5cc6de5caa600aef
  TTNetworkManager: 6e3c1022cdea9757936b42c20db91477eb0d62ac
  TTSDK: 4b8447f3179aa8d514b55fab311e566152d2006e
  WCDB: 8e90babdeb7784c569353a4bd22a66c0a175a882
  WCDBOptimizedSQLCipher: baf44493b0c7a3d49e97bc5b64a3856f6428ddd1
  YYCache: 8105b6638f5e849296c71f331ff83891a4942952

PODFILE CHECKSUM: f739128b742238cd01b635dd6caef572b1216a7c

COCOAPODS: 1.16.2
