PODS:
  - Bolts/Tasks (1.9.1)
  - IGListDiffKit (5.0.0)
  - im-uikit-tob (1.16.0):
    - Masonry
    - MJRefresh
    - SDWebImage
  - imsdk-tob (1.16.0):
    - imsdk-tob/Core (= 1.16.0)
  - imsdk-tob/Core (1.16.0):
    - imsdk-tob/Core_Common
    - TTSDK/Uploader (> 1.28)
  - imsdk-tob/Core_Common (1.16.0):
    - Bolts/Tasks
    - IGListDiffKit
    - imsdk-tob/Feature_EssentialPB
    - libextobjc
    - Mantle
    - MMKV
    - OneKit/ByteDanceKit
    - OneKit/ByteDanceKit/Foundation
    - OneKit/OKModel
    - OneKit/Reachability
    - Protobuf
    - RangersAPM/APMLog
    - RangersAPM/CN
    - RangersAppLog/Core
    - RangersAppLog/Host/CN
    - RSSwizzle
    - TTNetworkManager (~> 4.1)
    - WCDB (~> 1.0.6)
    - YYCache
  - imsdk-tob/Feature_EssentialPB (1.16.0):
    - Protobuf (= 3.21.9)
  - libextobjc (0.6):
    - libextobjc/EXTADT (= 0.6)
    - libextobjc/EXTConcreteProtocol (= 0.6)
    - libextobjc/EXTKeyPathCoding (= 0.6)
    - libextobjc/EXTNil (= 0.6)
    - libextobjc/EXTSafeCategory (= 0.6)
    - libextobjc/EXTScope (= 0.6)
    - libextobjc/EXTSelectorChecking (= 0.6)
    - libextobjc/EXTSynthesize (= 0.6)
    - "libextobjc/NSInvocation+EXT (= 0.6)"
    - "libextobjc/NSMethodSignature+EXT (= 0.6)"
    - libextobjc/RuntimeExtensions (= 0.6)
    - libextobjc/UmbrellaHeader (= 0.6)
  - libextobjc/EXTADT (0.6):
    - libextobjc/RuntimeExtensions
  - libextobjc/EXTConcreteProtocol (0.6):
    - libextobjc/RuntimeExtensions
  - libextobjc/EXTKeyPathCoding (0.6):
    - libextobjc/RuntimeExtensions
  - libextobjc/EXTNil (0.6):
    - libextobjc/RuntimeExtensions
  - libextobjc/EXTSafeCategory (0.6):
    - libextobjc/RuntimeExtensions
  - libextobjc/EXTScope (0.6):
    - libextobjc/RuntimeExtensions
  - libextobjc/EXTSelectorChecking (0.6):
    - libextobjc/RuntimeExtensions
  - libextobjc/EXTSynthesize (0.6):
    - libextobjc/RuntimeExtensions
  - "libextobjc/NSInvocation+EXT (0.6)":
    - libextobjc/RuntimeExtensions
  - "libextobjc/NSMethodSignature+EXT (0.6)":
    - libextobjc/RuntimeExtensions
  - libextobjc/RuntimeExtensions (0.6)
  - libextobjc/UmbrellaHeader (0.6)
  - Mantle (2.2.0):
    - Mantle/extobjc (= 2.2.0)
  - Mantle/extobjc (2.2.0)
  - Masonry (1.1.0)
  - MBProgressHUD (1.2.0)
  - MJRefresh (3.7.6)
  - MMKV (1.3.7):
    - MMKVCore (~> 1.3.7)
  - MMKVCore (1.3.7)
  - OneKit (1.4.2):
    - OneKit/BaseKit (= 1.4.2)
    - OneKit/Core (= 1.4.2)
    - OneKit/MARS/Auth (= 1.4.2)
    - OneKit/Service (= 1.4.2)
  - OneKit/BaseKit (1.4.2):
    - OneKit/Service
  - OneKit/boringssl (1.4.2):
    - OneKit/Service
  - OneKit/ByteDanceKit (1.4.2):
    - OneKit/ByteDanceKit/Foundation (= 1.4.2)
    - OneKit/ByteDanceKit/UIKit (= 1.4.2)
    - OneKit/Service
  - OneKit/ByteDanceKit/Foundation (1.4.2):
    - OneKit/Service
  - OneKit/ByteDanceKit/UIKit (1.4.2):
    - OneKit/ByteDanceKit/Foundation
    - OneKit/Service
  - OneKit/Core (1.4.2):
    - OneKit/BaseKit
    - OneKit/MARS
    - OneKit/Network
    - OneKit/Registar
  - OneKit/MARS (1.4.2):
    - OneKit/MARS/Auth (= 1.4.2)
  - OneKit/MARS/Auth (1.4.2):
    - OneKit/BaseKit
    - OneKit/StartUp
  - OneKit/Network (1.4.2):
    - OneKit/MARS/Auth
    - OneKit/OKModel
    - OneKit/Service
  - OneKit/OKModel (1.4.2):
    - OneKit/Service
  - OneKit/Reachability (1.4.2):
    - OneKit/Service
  - OneKit/Registar (1.4.2):
    - OneKit/boringssl
  - OneKit/Section (1.4.2)
  - OneKit/Service (1.4.2)
  - OneKit/StartUp (1.4.2):
    - OneKit/Reachability
    - OneKit/Section
    - OneKit/Service
  - Protobuf (3.21.9)
  - RangersAPM/Above (5.0.0)
  - RangersAPM/APMLog (5.0.0):
    - RangersAPM/CloudCommand
    - RangersAPM/Core
    - RangersAPM/HMD
    - RangersAPM/Zip
  - RangersAPM/CloudCommand (5.0.0):
    - RangersAPM/Core
    - RangersAPM/HMD
  - RangersAPM/CN (5.0.0):
    - RangersAPM/Core
    - RangersAPM/Public
  - RangersAPM/Core (5.0.0):
    - RangersAPM/HMDLite
  - RangersAPM/HMD (5.0.0):
    - RangersAPM/Core
    - RangersAPM/Public
  - RangersAPM/HMDLite (5.0.0)
  - RangersAPM/Public (5.0.0):
    - RangersAPM/Above
    - RangersAPM/Core
    - RangersAPM/HMDLite
    - RangersAPM/Zyone
  - RangersAPM/Zip (5.0.0)
  - RangersAPM/Zyone (5.0.0)
  - RangersAppLog/Core (6.13.2):
    - RangersAppLog/Encryptor
  - RangersAppLog/Encryptor (6.13.2):
    - OneKit/BaseKit
  - RangersAppLog/Host/CN (6.13.2):
    - RangersAppLog/Core
  - RSSwizzle (0.1.0)
  - SDWebImage (5.19.2):
    - SDWebImage/Core (= 5.19.2)
  - SDWebImage/Core (5.19.2)
  - SQLiteRepairKit (1.2.2):
    - WCDBOptimizedSQLCipher (~> 1.2.0)
  - TTNetworkManager (4.1.127.43)
  - TTSDK/Core (1.36.2.5):
    - RangersAppLog/Core (~> 6.13.0)
    - RangersAppLog/Host/CN (~> 6.13.0)
  - TTSDK/Tools (1.36.2.5)
  - TTSDK/Uploader (1.36.2.5):
    - TTSDK/Core
    - TTSDK/Tools
    - TTSDK/VCN
  - TTSDK/VCN (1.36.2.5)
  - WCDB (1.0.7.5):
    - SQLiteRepairKit (~> 1.2.0)
    - WCDBOptimizedSQLCipher (~> 1.2.0)
  - WCDBOptimizedSQLCipher (1.2.1)
  - YYCache (1.0.4)

DEPENDENCIES:
  - im-uikit-tob (from `../`)
  - imsdk-tob (= 1.16.0)
  - Masonry
  - MBProgressHUD
  - MJRefresh
  - OneKit
  - SDWebImage

SPEC REPOS:
  https://github.com/CocoaPods/Specs.git:
    - Bolts
    - IGListDiffKit
    - libextobjc
    - Mantle
    - Masonry
    - MBProgressHUD
    - MJRefresh
    - MMKV
    - MMKVCore
    - Protobuf
    - RSSwizzle
    - SDWebImage
    - SQLiteRepairKit
    - WCDB
    - WCDBOptimizedSQLCipher
    - YYCache
  https://github.com/volcengine/volcengine-specs.git:
    - imsdk-tob
    - OneKit
    - RangersAPM
    - RangersAppLog
    - TTNetworkManager
    - TTSDK

EXTERNAL SOURCES:
  im-uikit-tob:
    :path: "../"

SPEC CHECKSUMS:
  Bolts: 8c1e8aab2f603387b8b9924f57d1d64f43d3ffdc
  IGListDiffKit: 02d937d7e714d6f558771f284ed80668d483b522
  im-uikit-tob: c5462d04a27b5e38e54c27508b1623890fdfe58b
  imsdk-tob: ca40f30f8e592ec741bee3c44a5fe127d71207b3
  libextobjc: aed8b7d2b07f511c1a7ecaacb33ea03e327c69b7
  Mantle: c5aa8794a29a022dfbbfc9799af95f477a69b62d
  Masonry: 678fab65091a9290e40e2832a55e7ab731aad201
  MBProgressHUD: 3ee5efcc380f6a79a7cc9b363dd669c5e1ae7406
  MJRefresh: 2fe7fb43a5167ceda20bb7e63f130c04fd1814a5
  MMKV: 36a22a9ec84c9bb960613a089ddf6f48be9312b0
  MMKVCore: 158e61c8516401a9fac730288acb29e6fc19bbf9
  OneKit: 05d59eb122e247640c35ceb28b300ae27e89cb88
  Protobuf: 02524ec14183fe08fb259741659e79683788158b
  RangersAPM: 40b25c2a5e86d8951c28975807b2174693cdbd7d
  RangersAppLog: aca2ba1dd540ae001120f5fe1e391aafc82aa1c7
  RSSwizzle: d561958f595028bfcef98c7d55c318b3878a61c6
  SDWebImage: dfe95b2466a9823cf9f0c6d01217c06550d7b29a
  SQLiteRepairKit: 35aaae5a8838adb85f5b1eb4d796055be6060a4b
  TTNetworkManager: 01682359a3ae7220be8f12a57d156f9861d095a6
  TTSDK: 52ee1a9675e1f313fa9102475c7331268dca7524
  WCDB: 8e90babdeb7784c569353a4bd22a66c0a175a882
  WCDBOptimizedSQLCipher: baf44493b0c7a3d49e97bc5b64a3856f6428ddd1
  YYCache: 8105b6638f5e849296c71f331ff83891a4942952

PODFILE CHECKSUM: 0060798c3f2c963d21b552e08c78cc51d16a4311

COCOAPODS: 1.15.2
